
Microsoft Visual Studio Solution File, Format Version 12.00
# Visual Studio Version 16
VisualStudioVersion = 16.0.29123.88
MinimumVisualStudioVersion = 10.0.40219.1
Project("{9A19103F-16F7-4668-BE54-9A1E7A4F7556}") = "EntityFrameworkProject", "EntityFrameworkProject\EntityFrameworkProject.csproj", "{09A41983-D0DD-481A-87B6-8FAFC3F2B232}"
EndProject
Project("{FAE04EC0-301F-11D3-BF4B-00C04F79EFBC}") = "TestEducationProject", "TestEducationProject\TestEducationProject.csproj", "{20CD3719-F89E-4568-BDE9-14ED436F8D09}"
EndProject
Global
	GlobalSection(SolutionConfigurationPlatforms) = preSolution
		Debug|Any CPU = Debug|Any CPU
		Release|Any CPU = Release|Any CPU
	EndGlobalSection
	GlobalSection(ProjectConfigurationPlatforms) = postSolution
		{09A41983-D0DD-481A-87B6-8FAFC3F2B232}.Debug|Any CPU.ActiveCfg = Debug|Any CPU
		{09A41983-D0DD-481A-87B6-8FAFC3F2B232}.Debug|Any CPU.Build.0 = Debug|Any CPU
		{09A41983-D0DD-481A-87B6-8FAFC3F2B232}.Release|Any CPU.ActiveCfg = Release|Any CPU
		{09A41983-D0DD-481A-87B6-8FAFC3F2B232}.Release|Any CPU.Build.0 = Release|Any CPU
		{20CD3719-F89E-4568-BDE9-14ED436F8D09}.Debug|Any CPU.ActiveCfg = Debug|Any CPU
		{20CD3719-F89E-4568-BDE9-14ED436F8D09}.Debug|Any CPU.Build.0 = Debug|Any CPU
		{20CD3719-F89E-4568-BDE9-14ED436F8D09}.Release|Any CPU.ActiveCfg = Release|Any CPU
		{20CD3719-F89E-4568-BDE9-14ED436F8D09}.Release|Any CPU.Build.0 = Release|Any CPU
	EndGlobalSection
	GlobalSection(SolutionProperties) = preSolution
		HideSolutionNode = FALSE
	EndGlobalSection
	GlobalSection(ExtensibilityGlobals) = postSolution
		SolutionGuid = {7C923206-C589-4248-96F4-6308B4FDE46F}
	EndGlobalSection
EndGlobal
